
Microsoft Visual Studio Solution File, Format Version 12.00
# Visual Studio Version 17
VisualStudioVersion = 17.9.34701.34
MinimumVisualStudioVersion = 10.0.40219.1
Project("{FAE04EC0-301F-11D3-BF4B-00C04F79EFBC}") = "CoffeeShop", "CoffeeShop.csproj", "{333AA6A0-1435-40C6-9D7E-5434B416DEE5}"
EndProject
Global
	GlobalSection(SolutionConfigurationPlatforms) = preSolution
		Debug|Any CPU = Debug|Any CPU
		Release|Any CPU = Release|Any CPU
	EndGlobalSection
	GlobalSection(ProjectConfigurationPlatforms) = postSolution
		{333AA6A0-1435-40C6-9D7E-5434B416DEE5}.Debug|Any CPU.ActiveCfg = Debug|Any CPU
		{333AA6A0-1435-40C6-9D7E-5434B416DEE5}.Debug|Any CPU.Build.0 = Debug|Any CPU
		{333AA6A0-1435-40C6-9D7E-5434B416DEE5}.Release|Any CPU.ActiveCfg = Release|Any CPU
		{333AA6A0-1435-40C6-9D7E-5434B416DEE5}.Release|Any CPU.Build.0 = Release|Any CPU
	EndGlobalSection
	GlobalSection(SolutionProperties) = preSolution
		HideSolutionNode = FALSE
	EndGlobalSection
	GlobalSection(ExtensibilityGlobals) = postSolution
		SolutionGuid = {56BF27E5-FEBC-49B1-AB0A-DEA55160CCD4}
	EndGlobalSection
EndGlobal
